
Microsoft Visual Studio Solution File, Format Version 12.00
# Visual Studio 14
VisualStudioVersion = 14.0.22013.1
MinimumVisualStudioVersion = 10.0.40219.1
Project("{2150E333-8FDC-42A3-9474-1A3956D46DE8}") = ".nuget", ".nuget", "{16544D63-0FC1-46ED-A8AB-37EBF1E11776}"
	ProjectSection(SolutionItems) = preProject
		.nuget\NuGet.Config = .nuget\NuGet.Config
		.nuget\NuGet.exe = .nuget\NuGet.exe
		.nuget\NuGet.targets = .nuget\NuGet.targets
		.nuget\packages.config = .nuget\packages.config
	EndProjectSection
EndProject
Project("{F184B08F-C81C-45F6-A57F-5ABD9991F28F}") = "Diagnostic_VB.Test", "StringFormatDiagnostic\StringFormatDiagnostic.Test\Diagnostic_VB.Test.vbproj", "{5399E7A8-F8F1-4F2E-A5D2-9C96F3DD2A2D}"
EndProject
Project("{F184B08F-C81C-45F6-A57F-5ABD9991F28F}") = "Diagnostic_CS.Test", "Diagnostic_CS\Diagnostic_CS.Test\Diagnostic_CS.Test.vbproj", "{319C509C-08DF-438B-926F-1E380D32C5C9}"
EndProject
Project("{2150E333-8FDC-42A3-9474-1A3956D46DE8}") = "Test", "Test", "{1D8EDC75-76EA-4B99-98CE-885A518C4E6A}"
EndProject
Project("{2150E333-8FDC-42A3-9474-1A3956D46DE8}") = "VS_Shared", "VS_Shared", "{ADF8746C-EC23-4511-9FBB-B200443EB8E3}"
EndProject
Project("{2150E333-8FDC-42A3-9474-1A3956D46DE8}") = "VS2014", "VS2014", "{D9C00B82-4D71-430C-BDA5-670088012DC1}"
EndProject
Project("{2150E333-8FDC-42A3-9474-1A3956D46DE8}") = "VS2013", "VS2013", "{234C4694-4394-423B-A9CC-40AC37ABD0E2}"
EndProject
Project("{F184B08F-C81C-45F6-A57F-5ABD9991F28F}") = "StringFormatDiagnostic_VB", "VS2013\StringFormatDiagnostic\StringFormatDiagnostic_VB.vbproj", "{4B5666C3-CF68-4B05-AB0A-CEB6B7DDDA05}"
EndProject
Project("{2150E333-8FDC-42A3-9474-1A3956D46DE8}") = "VS2013", "VS2013", "{A1F6B256-70AE-46A7-8401-B449001770DD}"
EndProject
Project("{2150E333-8FDC-42A3-9474-1A3956D46DE8}") = "VS_Shared", "VS_Shared", "{8CD1653D-B692-4531-B26D-06AAA416920B}"
EndProject
Project("{F184B08F-C81C-45F6-A57F-5ABD9991F28F}") = "Diagnostic_VB", "VS2013\StringFormatDiagnostic\Diagnostic_VB\Diagnostic_VB.vbproj", "{03AB2789-C74C-415F-A67C-16BF1B011005}"
EndProject
Project("{F184B08F-C81C-45F6-A57F-5ABD9991F28F}") = "_Common", "VS2013\StringFormatDiagnostic\_Common\_Common.vbproj", "{9A53AF48-E197-4C87-9081-18C6AB5A712C}"
EndProject
Project("{F184B08F-C81C-45F6-A57F-5ABD9991F28F}") = "_IssueReports", "VS2013\StringFormatDiagnostic\_IssueReports\_IssueReports.vbproj", "{B1EBE056-85B0-4F49-877C-F7B26C45E1E5}"
EndProject
Project("{F184B08F-C81C-45F6-A57F-5ABD9991F28F}") = "_OutputResultOfT", "VS2013\StringFormatDiagnostic\_OutputResultOfT\_OutputResultOfT.vbproj", "{96D02CCC-9087-42C1-BFD0-7A1CC0C5645D}"
EndProject
Project("{F184B08F-C81C-45F6-A57F-5ABD9991F28F}") = "_Interfaces", "VS2013\StringFormatDiagnostic\_Interfaces\_Interfaces.vbproj", "{3DD06F37-241B-4857-84D0-9D5DB8F426D6}"
EndProject
Project("{F184B08F-C81C-45F6-A57F-5ABD9991F28F}") = "_VSCommon", "VS2013\StringFormatDiagnostic\_VSCommon\_VSCommon.vbproj", "{3F4F7F55-1DFC-464D-8B06-4FE7E6832C74}"
EndProject
Project("{F184B08F-C81C-45F6-A57F-5ABD9991F28F}") = "Diagnostic_VB", "VS2014\StringFormatDiagnostic\StringFormatDiagnostic\DiagnosticAndCodeFix\Diagnostic_VB.vbproj", "{DC899CFE-F7B6-4DCD-9624-3CADCCCE4208}"
EndProject
Project("{F184B08F-C81C-45F6-A57F-5ABD9991F28F}") = "Diagnostic_CS", "VS2014\StringFormatDiagnostic\Diagnostic_CS\DiagnosticAndCodeFix\Diagnostic_CS.vbproj", "{FCE83E56-957C-4D82-9EEC-BAC11A1BDF6F}"
EndProject
Project("{F184B08F-C81C-45F6-A57F-5ABD9991F28F}") = "Common", "VS2014\Common\Common.vbproj", "{AC266E4C-7054-47FF-925B-5C19CBDA21EA}"
EndProject
Project("{F184B08F-C81C-45F6-A57F-5ABD9991F28F}") = "IssueReports", "VS2014\VS_Shared\IssueReports\IssueReports.vbproj", "{E8621942-DB9C-44E1-8A50-FBB0DA1B9CDB}"
EndProject
Project("{F184B08F-C81C-45F6-A57F-5ABD9991F28F}") = "OutputResultOfT", "VS2014\VS_Shared\OutputResultOfT\OutputResultOfT.vbproj", "{EA6DB9C2-47FF-46FA-9400-EDCF342A361B}"
EndProject
Project("{F184B08F-C81C-45F6-A57F-5ABD9991F28F}") = "StringFormatDiagnostic_Interfaces", "VS2014\VS_Shared\StringFormatDiagnostic_Interfaces\StringFormatDiagnostic_Interfaces.vbproj", "{E148EA45-B7F4-4C0F-8D51-6DD72E9DC1F8}"
EndProject
Project("{F184B08F-C81C-45F6-A57F-5ABD9991F28F}") = "VSCommon", "VS2014\VS_Shared\VSCommon\VSCommon.vbproj", "{B613593B-04F7-4A04-8FFA-79CECB3BB42E}"
EndProject
Global
	GlobalSection(SolutionConfigurationPlatforms) = preSolution
		Debug|Any CPU = Debug|Any CPU
		Debug|Mixed Platforms = Debug|Mixed Platforms
		Debug|x86 = Debug|x86
		Release|Any CPU = Release|Any CPU
		Release|Mixed Platforms = Release|Mixed Platforms
		Release|x86 = Release|x86
	EndGlobalSection
	GlobalSection(ProjectConfigurationPlatforms) = postSolution
		{5399E7A8-F8F1-4F2E-A5D2-9C96F3DD2A2D}.Debug|Any CPU.ActiveCfg = Debug|Any CPU
		{5399E7A8-F8F1-4F2E-A5D2-9C96F3DD2A2D}.Debug|Any CPU.Build.0 = Debug|Any CPU
		{5399E7A8-F8F1-4F2E-A5D2-9C96F3DD2A2D}.Debug|Mixed Platforms.ActiveCfg = Debug|Any CPU
		{5399E7A8-F8F1-4F2E-A5D2-9C96F3DD2A2D}.Debug|Mixed Platforms.Build.0 = Debug|Any CPU
		{5399E7A8-F8F1-4F2E-A5D2-9C96F3DD2A2D}.Debug|x86.ActiveCfg = Debug|Any CPU
		{5399E7A8-F8F1-4F2E-A5D2-9C96F3DD2A2D}.Release|Any CPU.ActiveCfg = Release|Any CPU
		{5399E7A8-F8F1-4F2E-A5D2-9C96F3DD2A2D}.Release|Any CPU.Build.0 = Release|Any CPU
		{5399E7A8-F8F1-4F2E-A5D2-9C96F3DD2A2D}.Release|Mixed Platforms.ActiveCfg = Release|Any CPU
		{5399E7A8-F8F1-4F2E-A5D2-9C96F3DD2A2D}.Release|Mixed Platforms.Build.0 = Release|Any CPU
		{5399E7A8-F8F1-4F2E-A5D2-9C96F3DD2A2D}.Release|x86.ActiveCfg = Release|Any CPU
		{319C509C-08DF-438B-926F-1E380D32C5C9}.Debug|Any CPU.ActiveCfg = Debug|Any CPU
		{319C509C-08DF-438B-926F-1E380D32C5C9}.Debug|Any CPU.Build.0 = Debug|Any CPU
		{319C509C-08DF-438B-926F-1E380D32C5C9}.Debug|Mixed Platforms.ActiveCfg = Debug|Any CPU
		{319C509C-08DF-438B-926F-1E380D32C5C9}.Debug|Mixed Platforms.Build.0 = Debug|Any CPU
		{319C509C-08DF-438B-926F-1E380D32C5C9}.Debug|x86.ActiveCfg = Debug|Any CPU
		{319C509C-08DF-438B-926F-1E380D32C5C9}.Release|Any CPU.ActiveCfg = Release|Any CPU
		{319C509C-08DF-438B-926F-1E380D32C5C9}.Release|Any CPU.Build.0 = Release|Any CPU
		{319C509C-08DF-438B-926F-1E380D32C5C9}.Release|Mixed Platforms.ActiveCfg = Release|Any CPU
		{319C509C-08DF-438B-926F-1E380D32C5C9}.Release|Mixed Platforms.Build.0 = Release|Any CPU
		{319C509C-08DF-438B-926F-1E380D32C5C9}.Release|x86.ActiveCfg = Release|Any CPU
		{4B5666C3-CF68-4B05-AB0A-CEB6B7DDDA05}.Debug|Any CPU.ActiveCfg = Debug|Any CPU
		{4B5666C3-CF68-4B05-AB0A-CEB6B7DDDA05}.Debug|Any CPU.Build.0 = Debug|Any CPU
		{4B5666C3-CF68-4B05-AB0A-CEB6B7DDDA05}.Debug|Mixed Platforms.ActiveCfg = Debug|Any CPU
		{4B5666C3-CF68-4B05-AB0A-CEB6B7DDDA05}.Debug|Mixed Platforms.Build.0 = Debug|Any CPU
		{4B5666C3-CF68-4B05-AB0A-CEB6B7DDDA05}.Debug|x86.ActiveCfg = Debug|Any CPU
		{4B5666C3-CF68-4B05-AB0A-CEB6B7DDDA05}.Release|Any CPU.ActiveCfg = Release|Any CPU
		{4B5666C3-CF68-4B05-AB0A-CEB6B7DDDA05}.Release|Any CPU.Build.0 = Release|Any CPU
		{4B5666C3-CF68-4B05-AB0A-CEB6B7DDDA05}.Release|Mixed Platforms.ActiveCfg = Release|Any CPU
		{4B5666C3-CF68-4B05-AB0A-CEB6B7DDDA05}.Release|Mixed Platforms.Build.0 = Release|Any CPU
		{4B5666C3-CF68-4B05-AB0A-CEB6B7DDDA05}.Release|x86.ActiveCfg = Release|Any CPU
		{03AB2789-C74C-415F-A67C-16BF1B011005}.Debug|Any CPU.ActiveCfg = Debug|Any CPU
		{03AB2789-C74C-415F-A67C-16BF1B011005}.Debug|Any CPU.Build.0 = Debug|Any CPU
		{03AB2789-C74C-415F-A67C-16BF1B011005}.Debug|Mixed Platforms.ActiveCfg = Debug|Any CPU
		{03AB2789-C74C-415F-A67C-16BF1B011005}.Debug|Mixed Platforms.Build.0 = Debug|Any CPU
		{03AB2789-C74C-415F-A67C-16BF1B011005}.Debug|x86.ActiveCfg = Debug|Any CPU
		{03AB2789-C74C-415F-A67C-16BF1B011005}.Release|Any CPU.ActiveCfg = Release|Any CPU
		{03AB2789-C74C-415F-A67C-16BF1B011005}.Release|Any CPU.Build.0 = Release|Any CPU
		{03AB2789-C74C-415F-A67C-16BF1B011005}.Release|Mixed Platforms.ActiveCfg = Release|Any CPU
		{03AB2789-C74C-415F-A67C-16BF1B011005}.Release|Mixed Platforms.Build.0 = Release|Any CPU
		{03AB2789-C74C-415F-A67C-16BF1B011005}.Release|x86.ActiveCfg = Release|Any CPU
		{9A53AF48-E197-4C87-9081-18C6AB5A712C}.Debug|Any CPU.ActiveCfg = Debug|x86
		{9A53AF48-E197-4C87-9081-18C6AB5A712C}.Debug|Mixed Platforms.ActiveCfg = Debug|x86
		{9A53AF48-E197-4C87-9081-18C6AB5A712C}.Debug|Mixed Platforms.Build.0 = Debug|x86
		{9A53AF48-E197-4C87-9081-18C6AB5A712C}.Debug|x86.ActiveCfg = Debug|x86
		{9A53AF48-E197-4C87-9081-18C6AB5A712C}.Debug|x86.Build.0 = Debug|x86
		{9A53AF48-E197-4C87-9081-18C6AB5A712C}.Release|Any CPU.ActiveCfg = Release|x86
		{9A53AF48-E197-4C87-9081-18C6AB5A712C}.Release|Mixed Platforms.ActiveCfg = Release|x86
		{9A53AF48-E197-4C87-9081-18C6AB5A712C}.Release|Mixed Platforms.Build.0 = Release|x86
		{9A53AF48-E197-4C87-9081-18C6AB5A712C}.Release|x86.ActiveCfg = Release|x86
		{9A53AF48-E197-4C87-9081-18C6AB5A712C}.Release|x86.Build.0 = Release|x86
		{B1EBE056-85B0-4F49-877C-F7B26C45E1E5}.Debug|Any CPU.ActiveCfg = Debug|x86
		{B1EBE056-85B0-4F49-877C-F7B26C45E1E5}.Debug|Mixed Platforms.ActiveCfg = Debug|x86
		{B1EBE056-85B0-4F49-877C-F7B26C45E1E5}.Debug|Mixed Platforms.Build.0 = Debug|x86
		{B1EBE056-85B0-4F49-877C-F7B26C45E1E5}.Debug|x86.ActiveCfg = Debug|x86
		{B1EBE056-85B0-4F49-877C-F7B26C45E1E5}.Debug|x86.Build.0 = Debug|x86
		{B1EBE056-85B0-4F49-877C-F7B26C45E1E5}.Release|Any CPU.ActiveCfg = Release|x86
		{B1EBE056-85B0-4F49-877C-F7B26C45E1E5}.Release|Mixed Platforms.ActiveCfg = Release|x86
		{B1EBE056-85B0-4F49-877C-F7B26C45E1E5}.Release|Mixed Platforms.Build.0 = Release|x86
		{B1EBE056-85B0-4F49-877C-F7B26C45E1E5}.Release|x86.ActiveCfg = Release|x86
		{B1EBE056-85B0-4F49-877C-F7B26C45E1E5}.Release|x86.Build.0 = Release|x86
		{96D02CCC-9087-42C1-BFD0-7A1CC0C5645D}.Debug|Any CPU.ActiveCfg = Debug|x86
		{96D02CCC-9087-42C1-BFD0-7A1CC0C5645D}.Debug|Mixed Platforms.ActiveCfg = Debug|x86
		{96D02CCC-9087-42C1-BFD0-7A1CC0C5645D}.Debug|Mixed Platforms.Build.0 = Debug|x86
		{96D02CCC-9087-42C1-BFD0-7A1CC0C5645D}.Debug|x86.ActiveCfg = Debug|x86
		{96D02CCC-9087-42C1-BFD0-7A1CC0C5645D}.Debug|x86.Build.0 = Debug|x86
		{96D02CCC-9087-42C1-BFD0-7A1CC0C5645D}.Release|Any CPU.ActiveCfg = Release|x86
		{96D02CCC-9087-42C1-BFD0-7A1CC0C5645D}.Release|Mixed Platforms.ActiveCfg = Release|x86
		{96D02CCC-9087-42C1-BFD0-7A1CC0C5645D}.Release|Mixed Platforms.Build.0 = Release|x86
		{96D02CCC-9087-42C1-BFD0-7A1CC0C5645D}.Release|x86.ActiveCfg = Release|x86
		{96D02CCC-9087-42C1-BFD0-7A1CC0C5645D}.Release|x86.Build.0 = Release|x86
		{3DD06F37-241B-4857-84D0-9D5DB8F426D6}.Debug|Any CPU.ActiveCfg = Debug|x86
		{3DD06F37-241B-4857-84D0-9D5DB8F426D6}.Debug|Mixed Platforms.ActiveCfg = Debug|x86
		{3DD06F37-241B-4857-84D0-9D5DB8F426D6}.Debug|Mixed Platforms.Build.0 = Debug|x86
		{3DD06F37-241B-4857-84D0-9D5DB8F426D6}.Debug|x86.ActiveCfg = Debug|x86
		{3DD06F37-241B-4857-84D0-9D5DB8F426D6}.Debug|x86.Build.0 = Debug|x86
		{3DD06F37-241B-4857-84D0-9D5DB8F426D6}.Release|Any CPU.ActiveCfg = Release|x86
		{3DD06F37-241B-4857-84D0-9D5DB8F426D6}.Release|Mixed Platforms.ActiveCfg = Release|x86
		{3DD06F37-241B-4857-84D0-9D5DB8F426D6}.Release|Mixed Platforms.Build.0 = Release|x86
		{3DD06F37-241B-4857-84D0-9D5DB8F426D6}.Release|x86.ActiveCfg = Release|x86
		{3DD06F37-241B-4857-84D0-9D5DB8F426D6}.Release|x86.Build.0 = Release|x86
		{3F4F7F55-1DFC-464D-8B06-4FE7E6832C74}.Debug|Any CPU.ActiveCfg = Debug|x86
		{3F4F7F55-1DFC-464D-8B06-4FE7E6832C74}.Debug|Mixed Platforms.ActiveCfg = Debug|x86
		{3F4F7F55-1DFC-464D-8B06-4FE7E6832C74}.Debug|Mixed Platforms.Build.0 = Debug|x86
		{3F4F7F55-1DFC-464D-8B06-4FE7E6832C74}.Debug|x86.ActiveCfg = Debug|x86
		{3F4F7F55-1DFC-464D-8B06-4FE7E6832C74}.Debug|x86.Build.0 = Debug|x86
		{3F4F7F55-1DFC-464D-8B06-4FE7E6832C74}.Release|Any CPU.ActiveCfg = Release|x86
		{3F4F7F55-1DFC-464D-8B06-4FE7E6832C74}.Release|Mixed Platforms.ActiveCfg = Release|x86
		{3F4F7F55-1DFC-464D-8B06-4FE7E6832C74}.Release|Mixed Platforms.Build.0 = Release|x86
		{3F4F7F55-1DFC-464D-8B06-4FE7E6832C74}.Release|x86.ActiveCfg = Release|x86
		{3F4F7F55-1DFC-464D-8B06-4FE7E6832C74}.Release|x86.Build.0 = Release|x86
		{DC899CFE-F7B6-4DCD-9624-3CADCCCE4208}.Debug|Any CPU.ActiveCfg = Debug|Any CPU
		{DC899CFE-F7B6-4DCD-9624-3CADCCCE4208}.Debug|Any CPU.Build.0 = Debug|Any CPU
		{DC899CFE-F7B6-4DCD-9624-3CADCCCE4208}.Debug|Mixed Platforms.ActiveCfg = Debug|Any CPU
		{DC899CFE-F7B6-4DCD-9624-3CADCCCE4208}.Debug|Mixed Platforms.Build.0 = Debug|Any CPU
		{DC899CFE-F7B6-4DCD-9624-3CADCCCE4208}.Debug|x86.ActiveCfg = Debug|Any CPU
		{DC899CFE-F7B6-4DCD-9624-3CADCCCE4208}.Release|Any CPU.ActiveCfg = Release|Any CPU
		{DC899CFE-F7B6-4DCD-9624-3CADCCCE4208}.Release|Any CPU.Build.0 = Release|Any CPU
		{DC899CFE-F7B6-4DCD-9624-3CADCCCE4208}.Release|Mixed Platforms.ActiveCfg = Release|Any CPU
		{DC899CFE-F7B6-4DCD-9624-3CADCCCE4208}.Release|Mixed Platforms.Build.0 = Release|Any CPU
		{DC899CFE-F7B6-4DCD-9624-3CADCCCE4208}.Release|x86.ActiveCfg = Release|Any CPU
		{FCE83E56-957C-4D82-9EEC-BAC11A1BDF6F}.Debug|Any CPU.ActiveCfg = Debug|Any CPU
		{FCE83E56-957C-4D82-9EEC-BAC11A1BDF6F}.Debug|Any CPU.Build.0 = Debug|Any CPU
		{FCE83E56-957C-4D82-9EEC-BAC11A1BDF6F}.Debug|Mixed Platforms.ActiveCfg = Debug|Any CPU
		{FCE83E56-957C-4D82-9EEC-BAC11A1BDF6F}.Debug|Mixed Platforms.Build.0 = Debug|Any CPU
		{FCE83E56-957C-4D82-9EEC-BAC11A1BDF6F}.Debug|x86.ActiveCfg = Debug|Any CPU
		{FCE83E56-957C-4D82-9EEC-BAC11A1BDF6F}.Release|Any CPU.ActiveCfg = Release|Any CPU
		{FCE83E56-957C-4D82-9EEC-BAC11A1BDF6F}.Release|Any CPU.Build.0 = Release|Any CPU
		{FCE83E56-957C-4D82-9EEC-BAC11A1BDF6F}.Release|Mixed Platforms.ActiveCfg = Release|Any CPU
		{FCE83E56-957C-4D82-9EEC-BAC11A1BDF6F}.Release|Mixed Platforms.Build.0 = Release|Any CPU
		{FCE83E56-957C-4D82-9EEC-BAC11A1BDF6F}.Release|x86.ActiveCfg = Release|Any CPU
		{AC266E4C-7054-47FF-925B-5C19CBDA21EA}.Debug|Any CPU.ActiveCfg = Debug|x86
		{AC266E4C-7054-47FF-925B-5C19CBDA21EA}.Debug|Mixed Platforms.ActiveCfg = Debug|x86
		{AC266E4C-7054-47FF-925B-5C19CBDA21EA}.Debug|Mixed Platforms.Build.0 = Debug|x86
		{AC266E4C-7054-47FF-925B-5C19CBDA21EA}.Debug|x86.ActiveCfg = Debug|x86
		{AC266E4C-7054-47FF-925B-5C19CBDA21EA}.Debug|x86.Build.0 = Debug|x86
		{AC266E4C-7054-47FF-925B-5C19CBDA21EA}.Release|Any CPU.ActiveCfg = Release|x86
		{AC266E4C-7054-47FF-925B-5C19CBDA21EA}.Release|Mixed Platforms.ActiveCfg = Release|x86
		{AC266E4C-7054-47FF-925B-5C19CBDA21EA}.Release|Mixed Platforms.Build.0 = Release|x86
		{AC266E4C-7054-47FF-925B-5C19CBDA21EA}.Release|x86.ActiveCfg = Release|x86
		{AC266E4C-7054-47FF-925B-5C19CBDA21EA}.Release|x86.Build.0 = Release|x86
		{E8621942-DB9C-44E1-8A50-FBB0DA1B9CDB}.Debug|Any CPU.ActiveCfg = Debug|Any CPU
		{E8621942-DB9C-44E1-8A50-FBB0DA1B9CDB}.Debug|Any CPU.Build.0 = Debug|Any CPU
		{E8621942-DB9C-44E1-8A50-FBB0DA1B9CDB}.Debug|Mixed Platforms.ActiveCfg = Debug|Any CPU
		{E8621942-DB9C-44E1-8A50-FBB0DA1B9CDB}.Debug|Mixed Platforms.Build.0 = Debug|Any CPU
		{E8621942-DB9C-44E1-8A50-FBB0DA1B9CDB}.Debug|x86.ActiveCfg = Debug|Any CPU
		{E8621942-DB9C-44E1-8A50-FBB0DA1B9CDB}.Release|Any CPU.ActiveCfg = Release|Any CPU
		{E8621942-DB9C-44E1-8A50-FBB0DA1B9CDB}.Release|Any CPU.Build.0 = Release|Any CPU
		{E8621942-DB9C-44E1-8A50-FBB0DA1B9CDB}.Release|Mixed Platforms.ActiveCfg = Release|Any CPU
		{E8621942-DB9C-44E1-8A50-FBB0DA1B9CDB}.Release|Mixed Platforms.Build.0 = Release|Any CPU
		{E8621942-DB9C-44E1-8A50-FBB0DA1B9CDB}.Release|x86.ActiveCfg = Release|Any CPU
		{EA6DB9C2-47FF-46FA-9400-EDCF342A361B}.Debug|Any CPU.ActiveCfg = Debug|Any CPU
		{EA6DB9C2-47FF-46FA-9400-EDCF342A361B}.Debug|Any CPU.Build.0 = Debug|Any CPU
		{EA6DB9C2-47FF-46FA-9400-EDCF342A361B}.Debug|Mixed Platforms.ActiveCfg = Debug|Any CPU
		{EA6DB9C2-47FF-46FA-9400-EDCF342A361B}.Debug|Mixed Platforms.Build.0 = Debug|Any CPU
		{EA6DB9C2-47FF-46FA-9400-EDCF342A361B}.Debug|x86.ActiveCfg = Debug|Any CPU
		{EA6DB9C2-47FF-46FA-9400-EDCF342A361B}.Release|Any CPU.ActiveCfg = Release|Any CPU
		{EA6DB9C2-47FF-46FA-9400-EDCF342A361B}.Release|Any CPU.Build.0 = Release|Any CPU
		{EA6DB9C2-47FF-46FA-9400-EDCF342A361B}.Release|Mixed Platforms.ActiveCfg = Release|Any CPU
		{EA6DB9C2-47FF-46FA-9400-EDCF342A361B}.Release|Mixed Platforms.Build.0 = Release|Any CPU
		{EA6DB9C2-47FF-46FA-9400-EDCF342A361B}.Release|x86.ActiveCfg = Release|Any CPU
		{E148EA45-B7F4-4C0F-8D51-6DD72E9DC1F8}.Debug|Any CPU.ActiveCfg = Debug|Any CPU
		{E148EA45-B7F4-4C0F-8D51-6DD72E9DC1F8}.Debug|Any CPU.Build.0 = Debug|Any CPU
		{E148EA45-B7F4-4C0F-8D51-6DD72E9DC1F8}.Debug|Mixed Platforms.ActiveCfg = Debug|Any CPU
		{E148EA45-B7F4-4C0F-8D51-6DD72E9DC1F8}.Debug|Mixed Platforms.Build.0 = Debug|Any CPU
		{E148EA45-B7F4-4C0F-8D51-6DD72E9DC1F8}.Debug|x86.ActiveCfg = Debug|Any CPU
		{E148EA45-B7F4-4C0F-8D51-6DD72E9DC1F8}.Release|Any CPU.ActiveCfg = Release|Any CPU
		{E148EA45-B7F4-4C0F-8D51-6DD72E9DC1F8}.Release|Any CPU.Build.0 = Release|Any CPU
		{E148EA45-B7F4-4C0F-8D51-6DD72E9DC1F8}.Release|Mixed Platforms.ActiveCfg = Release|Any CPU
		{E148EA45-B7F4-4C0F-8D51-6DD72E9DC1F8}.Release|Mixed Platforms.Build.0 = Release|Any CPU
		{E148EA45-B7F4-4C0F-8D51-6DD72E9DC1F8}.Release|x86.ActiveCfg = Release|Any CPU
		{B613593B-04F7-4A04-8FFA-79CECB3BB42E}.Debug|Any CPU.ActiveCfg = Debug|Any CPU
		{B613593B-04F7-4A04-8FFA-79CECB3BB42E}.Debug|Any CPU.Build.0 = Debug|Any CPU
		{B613593B-04F7-4A04-8FFA-79CECB3BB42E}.Debug|Mixed Platforms.ActiveCfg = Debug|Any CPU
		{B613593B-04F7-4A04-8FFA-79CECB3BB42E}.Debug|Mixed Platforms.Build.0 = Debug|Any CPU
		{B613593B-04F7-4A04-8FFA-79CECB3BB42E}.Debug|x86.ActiveCfg = Debug|Any CPU
		{B613593B-04F7-4A04-8FFA-79CECB3BB42E}.Release|Any CPU.ActiveCfg = Release|Any CPU
		{B613593B-04F7-4A04-8FFA-79CECB3BB42E}.Release|Any CPU.Build.0 = Release|Any CPU
		{B613593B-04F7-4A04-8FFA-79CECB3BB42E}.Release|Mixed Platforms.ActiveCfg = Release|Any CPU
		{B613593B-04F7-4A04-8FFA-79CECB3BB42E}.Release|Mixed Platforms.Build.0 = Release|Any CPU
		{B613593B-04F7-4A04-8FFA-79CECB3BB42E}.Release|x86.ActiveCfg = Release|Any CPU
	EndGlobalSection
	GlobalSection(SolutionProperties) = preSolution
		HideSolutionNode = FALSE
	EndGlobalSection
	GlobalSection(NestedProjects) = preSolution
		{5399E7A8-F8F1-4F2E-A5D2-9C96F3DD2A2D} = {1D8EDC75-76EA-4B99-98CE-885A518C4E6A}
		{319C509C-08DF-438B-926F-1E380D32C5C9} = {1D8EDC75-76EA-4B99-98CE-885A518C4E6A}
		{ADF8746C-EC23-4511-9FBB-B200443EB8E3} = {D9C00B82-4D71-430C-BDA5-670088012DC1}
		{4B5666C3-CF68-4B05-AB0A-CEB6B7DDDA05} = {234C4694-4394-423B-A9CC-40AC37ABD0E2}
		{A1F6B256-70AE-46A7-8401-B449001770DD} = {234C4694-4394-423B-A9CC-40AC37ABD0E2}
		{8CD1653D-B692-4531-B26D-06AAA416920B} = {A1F6B256-70AE-46A7-8401-B449001770DD}
		{03AB2789-C74C-415F-A67C-16BF1B011005} = {234C4694-4394-423B-A9CC-40AC37ABD0E2}
		{9A53AF48-E197-4C87-9081-18C6AB5A712C} = {A1F6B256-70AE-46A7-8401-B449001770DD}
		{B1EBE056-85B0-4F49-877C-F7B26C45E1E5} = {8CD1653D-B692-4531-B26D-06AAA416920B}
		{96D02CCC-9087-42C1-BFD0-7A1CC0C5645D} = {8CD1653D-B692-4531-B26D-06AAA416920B}
		{3DD06F37-241B-4857-84D0-9D5DB8F426D6} = {8CD1653D-B692-4531-B26D-06AAA416920B}
		{3F4F7F55-1DFC-464D-8B06-4FE7E6832C74} = {8CD1653D-B692-4531-B26D-06AAA416920B}
		{DC899CFE-F7B6-4DCD-9624-3CADCCCE4208} = {D9C00B82-4D71-430C-BDA5-670088012DC1}
		{FCE83E56-957C-4D82-9EEC-BAC11A1BDF6F} = {D9C00B82-4D71-430C-BDA5-670088012DC1}
		{AC266E4C-7054-47FF-925B-5C19CBDA21EA} = {D9C00B82-4D71-430C-BDA5-670088012DC1}
		{E8621942-DB9C-44E1-8A50-FBB0DA1B9CDB} = {ADF8746C-EC23-4511-9FBB-B200443EB8E3}
		{EA6DB9C2-47FF-46FA-9400-EDCF342A361B} = {ADF8746C-EC23-4511-9FBB-B200443EB8E3}
		{E148EA45-B7F4-4C0F-8D51-6DD72E9DC1F8} = {ADF8746C-EC23-4511-9FBB-B200443EB8E3}
		{B613593B-04F7-4A04-8FFA-79CECB3BB42E} = {ADF8746C-EC23-4511-9FBB-B200443EB8E3}
	EndGlobalSection
EndGlobal
