
Microsoft Visual Studio Solution File, Format Version 12.00
# Visual Studio 14
VisualStudioVersion = 14.0.22310.1
MinimumVisualStudioVersion = 10.0.40219.1
Project("{F184B08F-C81C-45F6-A57F-5ABD9991F28F}") = "SFD (VB)", "..\VS2015\SFD\SFD\DiagnosticAndCodeFix\SFD (VB).vbproj", "{0CD0A31F-FA57-4406-A7C6-029BAB87C883}"
EndProject
Project("{2150E333-8FDC-42A3-9474-1A3956D46DE8}") = ".nuget", ".nuget", "{0267DDB4-05DF-4AA7-BE42-FB0509571307}"
	ProjectSection(SolutionItems) = preProject
		..\VS2015\SFD\.nuget\packages.config = ..\VS2015\SFD\.nuget\packages.config
	EndProjectSection
EndProject
Project("{F184B08F-C81C-45F6-A57F-5ABD9991F28F}") = "SFD.Test", "..\VS2015\SFD\SFD\SFD.Test\SFD.Test.vbproj", "{5399E7A8-F8F1-4F2E-A5D2-9C96F3DD2A2D}"
EndProject
Project("{F184B08F-C81C-45F6-A57F-5ABD9991F28F}") = "Analysers", "..\VS2015\SFD\Analysers\Analysers.vbproj", "{A24C96CD-A12D-4DA8-B1F5-838031FF3F7C}"
EndProject
Project("{F184B08F-C81C-45F6-A57F-5ABD9991F28F}") = "ResultAndErrors", "..\VS2015\SFD\ResultAndErrors\ResultAndErrors.vbproj", "{836E9D1E-C0C4-488C-98A2-D0234D14A18C}"
EndProject
Project("{F184B08F-C81C-45F6-A57F-5ABD9991F28F}") = "StringReaderAndIndexSpan", "..\VS2015\SFD\StringReaderAndIndexSpan\StringReaderAndIndexSpan.vbproj", "{CAF19B14-51B2-4E92-90FB-5CBEA03B4368}"
EndProject
Project("{F184B08F-C81C-45F6-A57F-5ABD9991F28F}") = "Exts", "..\VS2015\SFD\Exts\Exts.vbproj", "{5DF08BF2-4C63-4407-9BDB-9572FE5F1787}"
EndProject
Project("{F184B08F-C81C-45F6-A57F-5ABD9991F28F}") = "SFD (CS)", "..\VS2015\SFD\SFD_CS\DiagnosticAndCodeFix\SFD (CS).vbproj", "{C27BE3DC-80A8-42F0-BCC3-96211BFE833B}"
EndProject
Project("{F184B08F-C81C-45F6-A57F-5ABD9991F28F}") = "SFD_CS.Test", "..\VS2015\SFD\SFD_CS\SFD_CS.Test\SFD_CS.Test.vbproj", "{1400A1C7-FD28-4A22-89AD-DCBBD40FB7F8}"
EndProject
Project("{F184B08F-C81C-45F6-A57F-5ABD9991F28F}") = "VB_SFD", "..\VS2015\SFD\VB_SFD\VB_SFD\VB_SFD.vbproj", "{E6905C84-CA1E-403B-853F-65BFEF9C003C}"
EndProject
Project("{F184B08F-C81C-45F6-A57F-5ABD9991F28F}") = "VB_SFD.Test", "..\VS2015\SFD\VB_SFD\VB_SFD.Test\VB_SFD.Test.vbproj", "{AFB72FE0-A94E-4DAA-BFA8-B368BE08B4CA}"
EndProject
Project("{F184B08F-C81C-45F6-A57F-5ABD9991F28F}") = "VB_SFD.Vsix", "..\VS2015\SFD\VB_SFD\VB_SFD.Vsix\VB_SFD.Vsix.vbproj", "{95034507-F9A7-4432-BBF7-2B600177B4FE}"
EndProject
Project("{2150E333-8FDC-42A3-9474-1A3956D46DE8}") = "_Reference_", "_Reference_", "{AB528619-A4B4-4EC0-8531-0D12245ADC30}"
EndProject
Project("{F184B08F-C81C-45F6-A57F-5ABD9991F28F}") = "SFD_Analyser", "..\VS2015\SFD\SFD_Analyser\SFD_Analyser.vbproj", "{C69A44D5-46A4-4279-A736-43A73B5E7406}"
EndProject
Global
	GlobalSection(SolutionConfigurationPlatforms) = preSolution
		Debug|Any CPU = Debug|Any CPU
		Debug|Mixed Platforms = Debug|Mixed Platforms
		Debug|x86 = Debug|x86
		Release|Any CPU = Release|Any CPU
		Release|Mixed Platforms = Release|Mixed Platforms
		Release|x86 = Release|x86
	EndGlobalSection
	GlobalSection(ProjectConfigurationPlatforms) = postSolution
		{0CD0A31F-FA57-4406-A7C6-029BAB87C883}.Debug|Any CPU.ActiveCfg = Debug|Any CPU
		{0CD0A31F-FA57-4406-A7C6-029BAB87C883}.Debug|Any CPU.Build.0 = Debug|Any CPU
		{0CD0A31F-FA57-4406-A7C6-029BAB87C883}.Debug|Mixed Platforms.ActiveCfg = Debug|Any CPU
		{0CD0A31F-FA57-4406-A7C6-029BAB87C883}.Debug|Mixed Platforms.Build.0 = Debug|Any CPU
		{0CD0A31F-FA57-4406-A7C6-029BAB87C883}.Debug|x86.ActiveCfg = Debug|Any CPU
		{0CD0A31F-FA57-4406-A7C6-029BAB87C883}.Release|Any CPU.ActiveCfg = Release|Any CPU
		{0CD0A31F-FA57-4406-A7C6-029BAB87C883}.Release|Any CPU.Build.0 = Release|Any CPU
		{0CD0A31F-FA57-4406-A7C6-029BAB87C883}.Release|Mixed Platforms.ActiveCfg = Release|Any CPU
		{0CD0A31F-FA57-4406-A7C6-029BAB87C883}.Release|Mixed Platforms.Build.0 = Release|Any CPU
		{0CD0A31F-FA57-4406-A7C6-029BAB87C883}.Release|x86.ActiveCfg = Release|Any CPU
		{5399E7A8-F8F1-4F2E-A5D2-9C96F3DD2A2D}.Debug|Any CPU.ActiveCfg = Debug|Any CPU
		{5399E7A8-F8F1-4F2E-A5D2-9C96F3DD2A2D}.Debug|Any CPU.Build.0 = Debug|Any CPU
		{5399E7A8-F8F1-4F2E-A5D2-9C96F3DD2A2D}.Debug|Mixed Platforms.ActiveCfg = Debug|Any CPU
		{5399E7A8-F8F1-4F2E-A5D2-9C96F3DD2A2D}.Debug|Mixed Platforms.Build.0 = Debug|Any CPU
		{5399E7A8-F8F1-4F2E-A5D2-9C96F3DD2A2D}.Debug|x86.ActiveCfg = Debug|Any CPU
		{5399E7A8-F8F1-4F2E-A5D2-9C96F3DD2A2D}.Release|Any CPU.ActiveCfg = Release|Any CPU
		{5399E7A8-F8F1-4F2E-A5D2-9C96F3DD2A2D}.Release|Any CPU.Build.0 = Release|Any CPU
		{5399E7A8-F8F1-4F2E-A5D2-9C96F3DD2A2D}.Release|Mixed Platforms.ActiveCfg = Release|Any CPU
		{5399E7A8-F8F1-4F2E-A5D2-9C96F3DD2A2D}.Release|Mixed Platforms.Build.0 = Release|Any CPU
		{5399E7A8-F8F1-4F2E-A5D2-9C96F3DD2A2D}.Release|x86.ActiveCfg = Release|Any CPU
		{A24C96CD-A12D-4DA8-B1F5-838031FF3F7C}.Debug|Any CPU.ActiveCfg = Debug|x86
		{A24C96CD-A12D-4DA8-B1F5-838031FF3F7C}.Debug|Mixed Platforms.ActiveCfg = Debug|x86
		{A24C96CD-A12D-4DA8-B1F5-838031FF3F7C}.Debug|Mixed Platforms.Build.0 = Debug|x86
		{A24C96CD-A12D-4DA8-B1F5-838031FF3F7C}.Debug|x86.ActiveCfg = Debug|x86
		{A24C96CD-A12D-4DA8-B1F5-838031FF3F7C}.Debug|x86.Build.0 = Debug|x86
		{A24C96CD-A12D-4DA8-B1F5-838031FF3F7C}.Release|Any CPU.ActiveCfg = Release|x86
		{A24C96CD-A12D-4DA8-B1F5-838031FF3F7C}.Release|Mixed Platforms.ActiveCfg = Release|x86
		{A24C96CD-A12D-4DA8-B1F5-838031FF3F7C}.Release|Mixed Platforms.Build.0 = Release|x86
		{A24C96CD-A12D-4DA8-B1F5-838031FF3F7C}.Release|x86.ActiveCfg = Release|x86
		{A24C96CD-A12D-4DA8-B1F5-838031FF3F7C}.Release|x86.Build.0 = Release|x86
		{836E9D1E-C0C4-488C-98A2-D0234D14A18C}.Debug|Any CPU.ActiveCfg = Debug|x86
		{836E9D1E-C0C4-488C-98A2-D0234D14A18C}.Debug|Mixed Platforms.ActiveCfg = Debug|x86
		{836E9D1E-C0C4-488C-98A2-D0234D14A18C}.Debug|Mixed Platforms.Build.0 = Debug|x86
		{836E9D1E-C0C4-488C-98A2-D0234D14A18C}.Debug|x86.ActiveCfg = Debug|x86
		{836E9D1E-C0C4-488C-98A2-D0234D14A18C}.Debug|x86.Build.0 = Debug|x86
		{836E9D1E-C0C4-488C-98A2-D0234D14A18C}.Release|Any CPU.ActiveCfg = Release|x86
		{836E9D1E-C0C4-488C-98A2-D0234D14A18C}.Release|Mixed Platforms.ActiveCfg = Release|x86
		{836E9D1E-C0C4-488C-98A2-D0234D14A18C}.Release|Mixed Platforms.Build.0 = Release|x86
		{836E9D1E-C0C4-488C-98A2-D0234D14A18C}.Release|x86.ActiveCfg = Release|x86
		{836E9D1E-C0C4-488C-98A2-D0234D14A18C}.Release|x86.Build.0 = Release|x86
		{CAF19B14-51B2-4E92-90FB-5CBEA03B4368}.Debug|Any CPU.ActiveCfg = Debug|x86
		{CAF19B14-51B2-4E92-90FB-5CBEA03B4368}.Debug|Mixed Platforms.ActiveCfg = Debug|x86
		{CAF19B14-51B2-4E92-90FB-5CBEA03B4368}.Debug|Mixed Platforms.Build.0 = Debug|x86
		{CAF19B14-51B2-4E92-90FB-5CBEA03B4368}.Debug|x86.ActiveCfg = Debug|x86
		{CAF19B14-51B2-4E92-90FB-5CBEA03B4368}.Debug|x86.Build.0 = Debug|x86
		{CAF19B14-51B2-4E92-90FB-5CBEA03B4368}.Release|Any CPU.ActiveCfg = Release|x86
		{CAF19B14-51B2-4E92-90FB-5CBEA03B4368}.Release|Mixed Platforms.ActiveCfg = Release|x86
		{CAF19B14-51B2-4E92-90FB-5CBEA03B4368}.Release|Mixed Platforms.Build.0 = Release|x86
		{CAF19B14-51B2-4E92-90FB-5CBEA03B4368}.Release|x86.ActiveCfg = Release|x86
		{CAF19B14-51B2-4E92-90FB-5CBEA03B4368}.Release|x86.Build.0 = Release|x86
		{5DF08BF2-4C63-4407-9BDB-9572FE5F1787}.Debug|Any CPU.ActiveCfg = Debug|x86
		{5DF08BF2-4C63-4407-9BDB-9572FE5F1787}.Debug|Mixed Platforms.ActiveCfg = Debug|x86
		{5DF08BF2-4C63-4407-9BDB-9572FE5F1787}.Debug|Mixed Platforms.Build.0 = Debug|x86
		{5DF08BF2-4C63-4407-9BDB-9572FE5F1787}.Debug|x86.ActiveCfg = Debug|x86
		{5DF08BF2-4C63-4407-9BDB-9572FE5F1787}.Debug|x86.Build.0 = Debug|x86
		{5DF08BF2-4C63-4407-9BDB-9572FE5F1787}.Release|Any CPU.ActiveCfg = Release|x86
		{5DF08BF2-4C63-4407-9BDB-9572FE5F1787}.Release|Mixed Platforms.ActiveCfg = Release|x86
		{5DF08BF2-4C63-4407-9BDB-9572FE5F1787}.Release|Mixed Platforms.Build.0 = Release|x86
		{5DF08BF2-4C63-4407-9BDB-9572FE5F1787}.Release|x86.ActiveCfg = Release|x86
		{5DF08BF2-4C63-4407-9BDB-9572FE5F1787}.Release|x86.Build.0 = Release|x86
		{C27BE3DC-80A8-42F0-BCC3-96211BFE833B}.Debug|Any CPU.ActiveCfg = Debug|Any CPU
		{C27BE3DC-80A8-42F0-BCC3-96211BFE833B}.Debug|Any CPU.Build.0 = Debug|Any CPU
		{C27BE3DC-80A8-42F0-BCC3-96211BFE833B}.Debug|Mixed Platforms.ActiveCfg = Debug|Any CPU
		{C27BE3DC-80A8-42F0-BCC3-96211BFE833B}.Debug|Mixed Platforms.Build.0 = Debug|Any CPU
		{C27BE3DC-80A8-42F0-BCC3-96211BFE833B}.Debug|x86.ActiveCfg = Debug|Any CPU
		{C27BE3DC-80A8-42F0-BCC3-96211BFE833B}.Release|Any CPU.ActiveCfg = Release|Any CPU
		{C27BE3DC-80A8-42F0-BCC3-96211BFE833B}.Release|Any CPU.Build.0 = Release|Any CPU
		{C27BE3DC-80A8-42F0-BCC3-96211BFE833B}.Release|Mixed Platforms.ActiveCfg = Release|Any CPU
		{C27BE3DC-80A8-42F0-BCC3-96211BFE833B}.Release|Mixed Platforms.Build.0 = Release|Any CPU
		{C27BE3DC-80A8-42F0-BCC3-96211BFE833B}.Release|x86.ActiveCfg = Release|Any CPU
		{1400A1C7-FD28-4A22-89AD-DCBBD40FB7F8}.Debug|Any CPU.ActiveCfg = Debug|Any CPU
		{1400A1C7-FD28-4A22-89AD-DCBBD40FB7F8}.Debug|Any CPU.Build.0 = Debug|Any CPU
		{1400A1C7-FD28-4A22-89AD-DCBBD40FB7F8}.Debug|Mixed Platforms.ActiveCfg = Debug|Any CPU
		{1400A1C7-FD28-4A22-89AD-DCBBD40FB7F8}.Debug|Mixed Platforms.Build.0 = Debug|Any CPU
		{1400A1C7-FD28-4A22-89AD-DCBBD40FB7F8}.Debug|x86.ActiveCfg = Debug|Any CPU
		{1400A1C7-FD28-4A22-89AD-DCBBD40FB7F8}.Release|Any CPU.ActiveCfg = Release|Any CPU
		{1400A1C7-FD28-4A22-89AD-DCBBD40FB7F8}.Release|Any CPU.Build.0 = Release|Any CPU
		{1400A1C7-FD28-4A22-89AD-DCBBD40FB7F8}.Release|Mixed Platforms.ActiveCfg = Release|Any CPU
		{1400A1C7-FD28-4A22-89AD-DCBBD40FB7F8}.Release|Mixed Platforms.Build.0 = Release|Any CPU
		{1400A1C7-FD28-4A22-89AD-DCBBD40FB7F8}.Release|x86.ActiveCfg = Release|Any CPU
		{E6905C84-CA1E-403B-853F-65BFEF9C003C}.Debug|Any CPU.ActiveCfg = Debug|Any CPU
		{E6905C84-CA1E-403B-853F-65BFEF9C003C}.Debug|Any CPU.Build.0 = Debug|Any CPU
		{E6905C84-CA1E-403B-853F-65BFEF9C003C}.Debug|Mixed Platforms.ActiveCfg = Debug|Any CPU
		{E6905C84-CA1E-403B-853F-65BFEF9C003C}.Debug|Mixed Platforms.Build.0 = Debug|Any CPU
		{E6905C84-CA1E-403B-853F-65BFEF9C003C}.Debug|x86.ActiveCfg = Debug|Any CPU
		{E6905C84-CA1E-403B-853F-65BFEF9C003C}.Debug|x86.Build.0 = Debug|Any CPU
		{E6905C84-CA1E-403B-853F-65BFEF9C003C}.Release|Any CPU.ActiveCfg = Release|Any CPU
		{E6905C84-CA1E-403B-853F-65BFEF9C003C}.Release|Any CPU.Build.0 = Release|Any CPU
		{E6905C84-CA1E-403B-853F-65BFEF9C003C}.Release|Mixed Platforms.ActiveCfg = Release|Any CPU
		{E6905C84-CA1E-403B-853F-65BFEF9C003C}.Release|Mixed Platforms.Build.0 = Release|Any CPU
		{E6905C84-CA1E-403B-853F-65BFEF9C003C}.Release|x86.ActiveCfg = Release|Any CPU
		{E6905C84-CA1E-403B-853F-65BFEF9C003C}.Release|x86.Build.0 = Release|Any CPU
		{AFB72FE0-A94E-4DAA-BFA8-B368BE08B4CA}.Debug|Any CPU.ActiveCfg = Debug|Any CPU
		{AFB72FE0-A94E-4DAA-BFA8-B368BE08B4CA}.Debug|Any CPU.Build.0 = Debug|Any CPU
		{AFB72FE0-A94E-4DAA-BFA8-B368BE08B4CA}.Debug|Mixed Platforms.ActiveCfg = Debug|Any CPU
		{AFB72FE0-A94E-4DAA-BFA8-B368BE08B4CA}.Debug|Mixed Platforms.Build.0 = Debug|Any CPU
		{AFB72FE0-A94E-4DAA-BFA8-B368BE08B4CA}.Debug|x86.ActiveCfg = Debug|Any CPU
		{AFB72FE0-A94E-4DAA-BFA8-B368BE08B4CA}.Debug|x86.Build.0 = Debug|Any CPU
		{AFB72FE0-A94E-4DAA-BFA8-B368BE08B4CA}.Release|Any CPU.ActiveCfg = Release|Any CPU
		{AFB72FE0-A94E-4DAA-BFA8-B368BE08B4CA}.Release|Any CPU.Build.0 = Release|Any CPU
		{AFB72FE0-A94E-4DAA-BFA8-B368BE08B4CA}.Release|Mixed Platforms.ActiveCfg = Release|Any CPU
		{AFB72FE0-A94E-4DAA-BFA8-B368BE08B4CA}.Release|Mixed Platforms.Build.0 = Release|Any CPU
		{AFB72FE0-A94E-4DAA-BFA8-B368BE08B4CA}.Release|x86.ActiveCfg = Release|Any CPU
		{AFB72FE0-A94E-4DAA-BFA8-B368BE08B4CA}.Release|x86.Build.0 = Release|Any CPU
		{95034507-F9A7-4432-BBF7-2B600177B4FE}.Debug|Any CPU.ActiveCfg = Debug|Any CPU
		{95034507-F9A7-4432-BBF7-2B600177B4FE}.Debug|Any CPU.Build.0 = Debug|Any CPU
		{95034507-F9A7-4432-BBF7-2B600177B4FE}.Debug|Mixed Platforms.ActiveCfg = Debug|Any CPU
		{95034507-F9A7-4432-BBF7-2B600177B4FE}.Debug|Mixed Platforms.Build.0 = Debug|Any CPU
		{95034507-F9A7-4432-BBF7-2B600177B4FE}.Debug|x86.ActiveCfg = Debug|Any CPU
		{95034507-F9A7-4432-BBF7-2B600177B4FE}.Debug|x86.Build.0 = Debug|Any CPU
		{95034507-F9A7-4432-BBF7-2B600177B4FE}.Release|Any CPU.ActiveCfg = Release|Any CPU
		{95034507-F9A7-4432-BBF7-2B600177B4FE}.Release|Any CPU.Build.0 = Release|Any CPU
		{95034507-F9A7-4432-BBF7-2B600177B4FE}.Release|Mixed Platforms.ActiveCfg = Release|Any CPU
		{95034507-F9A7-4432-BBF7-2B600177B4FE}.Release|Mixed Platforms.Build.0 = Release|Any CPU
		{95034507-F9A7-4432-BBF7-2B600177B4FE}.Release|x86.ActiveCfg = Release|Any CPU
		{95034507-F9A7-4432-BBF7-2B600177B4FE}.Release|x86.Build.0 = Release|Any CPU
		{C69A44D5-46A4-4279-A736-43A73B5E7406}.Debug|Any CPU.ActiveCfg = Debug|Any CPU
		{C69A44D5-46A4-4279-A736-43A73B5E7406}.Debug|Any CPU.Build.0 = Debug|Any CPU
		{C69A44D5-46A4-4279-A736-43A73B5E7406}.Debug|Mixed Platforms.ActiveCfg = Debug|Any CPU
		{C69A44D5-46A4-4279-A736-43A73B5E7406}.Debug|Mixed Platforms.Build.0 = Debug|Any CPU
		{C69A44D5-46A4-4279-A736-43A73B5E7406}.Debug|x86.ActiveCfg = Debug|Any CPU
		{C69A44D5-46A4-4279-A736-43A73B5E7406}.Debug|x86.Build.0 = Debug|Any CPU
		{C69A44D5-46A4-4279-A736-43A73B5E7406}.Release|Any CPU.ActiveCfg = Release|Any CPU
		{C69A44D5-46A4-4279-A736-43A73B5E7406}.Release|Any CPU.Build.0 = Release|Any CPU
		{C69A44D5-46A4-4279-A736-43A73B5E7406}.Release|Mixed Platforms.ActiveCfg = Release|Any CPU
		{C69A44D5-46A4-4279-A736-43A73B5E7406}.Release|Mixed Platforms.Build.0 = Release|Any CPU
		{C69A44D5-46A4-4279-A736-43A73B5E7406}.Release|x86.ActiveCfg = Release|Any CPU
		{C69A44D5-46A4-4279-A736-43A73B5E7406}.Release|x86.Build.0 = Release|Any CPU
	EndGlobalSection
	GlobalSection(SolutionProperties) = preSolution
		HideSolutionNode = FALSE
	EndGlobalSection
	GlobalSection(NestedProjects) = preSolution
		{0CD0A31F-FA57-4406-A7C6-029BAB87C883} = {AB528619-A4B4-4EC0-8531-0D12245ADC30}
		{5399E7A8-F8F1-4F2E-A5D2-9C96F3DD2A2D} = {AB528619-A4B4-4EC0-8531-0D12245ADC30}
		{A24C96CD-A12D-4DA8-B1F5-838031FF3F7C} = {AB528619-A4B4-4EC0-8531-0D12245ADC30}
		{836E9D1E-C0C4-488C-98A2-D0234D14A18C} = {AB528619-A4B4-4EC0-8531-0D12245ADC30}
		{CAF19B14-51B2-4E92-90FB-5CBEA03B4368} = {AB528619-A4B4-4EC0-8531-0D12245ADC30}
		{5DF08BF2-4C63-4407-9BDB-9572FE5F1787} = {AB528619-A4B4-4EC0-8531-0D12245ADC30}
		{C27BE3DC-80A8-42F0-BCC3-96211BFE833B} = {AB528619-A4B4-4EC0-8531-0D12245ADC30}
		{1400A1C7-FD28-4A22-89AD-DCBBD40FB7F8} = {AB528619-A4B4-4EC0-8531-0D12245ADC30}
	EndGlobalSection
EndGlobal
