
Microsoft Visual Studio Solution File, Format Version 12.00
# Visual Studio 14
VisualStudioVersion = 14.0.22310.1
MinimumVisualStudioVersion = 10.0.40219.1
Project("{2150E333-8FDC-42A3-9474-1A3956D46DE8}") = ".nuget", ".nuget", "{AFFC871B-D220-4C0E-9A29-B344D0D4959E}"
	ProjectSection(SolutionItems) = preProject
		.nuget\packages.config = .nuget\packages.config
	EndProjectSection
EndProject
Project("{F184B08F-C81C-45F6-A57F-5ABD9991F28F}") = "TextAdornment1", "TextAdornment1\TextAdornment1.vbproj", "{EB2062A5-A12D-4603-B890-4D65A0921885}"
EndProject
Project("{F184B08F-C81C-45F6-A57F-5ABD9991F28F}") = "EditorClassifier3", "EditorClassifier3\EditorClassifier3.vbproj", "{DA2F0326-7AD2-484E-A5FF-B7ADE6F13260}"
EndProject
Project("{F184B08F-C81C-45F6-A57F-5ABD9991F28F}") = "Analysers", "Analysers\Analysers.vbproj", "{109FC89A-C0EA-4975-8F12-E98ED89C28CE}"
EndProject
Project("{F184B08F-C81C-45F6-A57F-5ABD9991F28F}") = "SharedLibrary", "SharedLibrary\SharedLibrary.vbproj", "{FECCDFE0-D290-4F7C-81C5-DCDBA8C75C44}"
EndProject
Project("{2150E333-8FDC-42A3-9474-1A3956D46DE8}") = "CS", "CS", "{B552BD12-56D5-4A2E-9969-0BFEFE1B399E}"
EndProject
Project("{F184B08F-C81C-45F6-A57F-5ABD9991F28F}") = "SFD_Analyzer (CS).Vsix", "SFD_Analyzer (CS)\SFD_Analyzer (CS).Vsix\SFD_Analyzer (CS).Vsix.vbproj", "{B77A1259-E9F2-4512-97DD-283EB0442FEA}"
EndProject
Project("{F184B08F-C81C-45F6-A57F-5ABD9991F28F}") = "SFD_Analyzer (CS).Test", "SFD_Analyzer (CS)\SFD_Analyzer (CS).Test\SFD_Analyzer (CS).Test.vbproj", "{5399E7A8-F8F1-4F2E-A5D2-9C96F3DD2A2D}"
EndProject
Project("{F184B08F-C81C-45F6-A57F-5ABD9991F28F}") = "SFD_Analyzer (CS)", "SFD_Analyzer (CS)\SFD_Analyzer (CS)\SFD_Analyzer (CS).vbproj", "{9B60C443-4664-4FC7-8ED3-871EA5F8F44E}"
EndProject
Project("{2150E333-8FDC-42A3-9474-1A3956D46DE8}") = "Shared", "Shared", "{C3C900A3-3D33-443F-B6A0-6AA85D09CBC4}"
EndProject
Project("{2150E333-8FDC-42A3-9474-1A3956D46DE8}") = "VB", "VB", "{3B47CA6E-05EC-4A2C-9933-C9AB9FA7B2BD}"
EndProject
Project("{F184B08F-C81C-45F6-A57F-5ABD9991F28F}") = "SFD_Analyser (VB)", "SFD_Analyser (VB)\SFD_Analyser__VB_\SFD_Analyser (VB).vbproj", "{33777F99-D728-4EEB-BC0C-EC6F4EFB9940}"
EndProject
Project("{F184B08F-C81C-45F6-A57F-5ABD9991F28F}") = "SFD_Analyser (VB).Vsix", "SFD_Analyser (VB)\SFD_Analyser__VB_.Vsix\SFD_Analyser (VB).Vsix.vbproj", "{954EF786-E698-47E1-82B0-C51AFC660817}"
EndProject
Project("{F184B08F-C81C-45F6-A57F-5ABD9991F28F}") = "SFD__VB_CS_", "SFD (VB+CS)\SFD__VB_CS_\SFD__VB_CS_.vbproj", "{CB8F2EFC-FC2E-47C3-8649-78E68A898384}"
EndProject
Project("{F184B08F-C81C-45F6-A57F-5ABD9991F28F}") = "SFD__VB_CS_.Test", "SFD (VB+CS)\SFD__VB_CS_.Test\SFD__VB_CS_.Test.vbproj", "{D172EBF7-EC35-4195-A2E1-66B2E9DD707D}"
EndProject
Project("{F184B08F-C81C-45F6-A57F-5ABD9991F28F}") = "SFD__VB_CS_.Vsix", "SFD (VB+CS)\SFD__VB_CS_.Vsix\SFD__VB_CS_.Vsix.vbproj", "{D7815871-865B-471A-8612-5A1A3192116D}"
EndProject
Global
	GlobalSection(SolutionConfigurationPlatforms) = preSolution
		Debug|Any CPU = Debug|Any CPU
		Release|Any CPU = Release|Any CPU
	EndGlobalSection
	GlobalSection(ProjectConfigurationPlatforms) = postSolution
		{EB2062A5-A12D-4603-B890-4D65A0921885}.Debug|Any CPU.ActiveCfg = Debug|Any CPU
		{EB2062A5-A12D-4603-B890-4D65A0921885}.Debug|Any CPU.Build.0 = Debug|Any CPU
		{EB2062A5-A12D-4603-B890-4D65A0921885}.Release|Any CPU.ActiveCfg = Release|Any CPU
		{EB2062A5-A12D-4603-B890-4D65A0921885}.Release|Any CPU.Build.0 = Release|Any CPU
		{DA2F0326-7AD2-484E-A5FF-B7ADE6F13260}.Debug|Any CPU.ActiveCfg = Debug|Any CPU
		{DA2F0326-7AD2-484E-A5FF-B7ADE6F13260}.Debug|Any CPU.Build.0 = Debug|Any CPU
		{DA2F0326-7AD2-484E-A5FF-B7ADE6F13260}.Release|Any CPU.ActiveCfg = Release|Any CPU
		{DA2F0326-7AD2-484E-A5FF-B7ADE6F13260}.Release|Any CPU.Build.0 = Release|Any CPU
		{109FC89A-C0EA-4975-8F12-E98ED89C28CE}.Debug|Any CPU.ActiveCfg = Debug|Any CPU
		{109FC89A-C0EA-4975-8F12-E98ED89C28CE}.Debug|Any CPU.Build.0 = Debug|Any CPU
		{109FC89A-C0EA-4975-8F12-E98ED89C28CE}.Release|Any CPU.ActiveCfg = Release|Any CPU
		{109FC89A-C0EA-4975-8F12-E98ED89C28CE}.Release|Any CPU.Build.0 = Release|Any CPU
		{FECCDFE0-D290-4F7C-81C5-DCDBA8C75C44}.Debug|Any CPU.ActiveCfg = Debug|Any CPU
		{FECCDFE0-D290-4F7C-81C5-DCDBA8C75C44}.Debug|Any CPU.Build.0 = Debug|Any CPU
		{FECCDFE0-D290-4F7C-81C5-DCDBA8C75C44}.Release|Any CPU.ActiveCfg = Release|Any CPU
		{FECCDFE0-D290-4F7C-81C5-DCDBA8C75C44}.Release|Any CPU.Build.0 = Release|Any CPU
		{B77A1259-E9F2-4512-97DD-283EB0442FEA}.Debug|Any CPU.ActiveCfg = Debug|Any CPU
		{B77A1259-E9F2-4512-97DD-283EB0442FEA}.Debug|Any CPU.Build.0 = Debug|Any CPU
		{B77A1259-E9F2-4512-97DD-283EB0442FEA}.Release|Any CPU.ActiveCfg = Release|Any CPU
		{B77A1259-E9F2-4512-97DD-283EB0442FEA}.Release|Any CPU.Build.0 = Release|Any CPU
		{5399E7A8-F8F1-4F2E-A5D2-9C96F3DD2A2D}.Debug|Any CPU.ActiveCfg = Debug|Any CPU
		{5399E7A8-F8F1-4F2E-A5D2-9C96F3DD2A2D}.Debug|Any CPU.Build.0 = Debug|Any CPU
		{5399E7A8-F8F1-4F2E-A5D2-9C96F3DD2A2D}.Release|Any CPU.ActiveCfg = Release|Any CPU
		{5399E7A8-F8F1-4F2E-A5D2-9C96F3DD2A2D}.Release|Any CPU.Build.0 = Release|Any CPU
		{9B60C443-4664-4FC7-8ED3-871EA5F8F44E}.Debug|Any CPU.ActiveCfg = Debug|Any CPU
		{9B60C443-4664-4FC7-8ED3-871EA5F8F44E}.Debug|Any CPU.Build.0 = Debug|Any CPU
		{9B60C443-4664-4FC7-8ED3-871EA5F8F44E}.Release|Any CPU.ActiveCfg = Release|Any CPU
		{9B60C443-4664-4FC7-8ED3-871EA5F8F44E}.Release|Any CPU.Build.0 = Release|Any CPU
		{33777F99-D728-4EEB-BC0C-EC6F4EFB9940}.Debug|Any CPU.ActiveCfg = Debug|Any CPU
		{33777F99-D728-4EEB-BC0C-EC6F4EFB9940}.Debug|Any CPU.Build.0 = Debug|Any CPU
		{33777F99-D728-4EEB-BC0C-EC6F4EFB9940}.Release|Any CPU.ActiveCfg = Release|Any CPU
		{33777F99-D728-4EEB-BC0C-EC6F4EFB9940}.Release|Any CPU.Build.0 = Release|Any CPU
		{954EF786-E698-47E1-82B0-C51AFC660817}.Debug|Any CPU.ActiveCfg = Debug|Any CPU
		{954EF786-E698-47E1-82B0-C51AFC660817}.Debug|Any CPU.Build.0 = Debug|Any CPU
		{954EF786-E698-47E1-82B0-C51AFC660817}.Release|Any CPU.ActiveCfg = Release|Any CPU
		{954EF786-E698-47E1-82B0-C51AFC660817}.Release|Any CPU.Build.0 = Release|Any CPU
		{CB8F2EFC-FC2E-47C3-8649-78E68A898384}.Debug|Any CPU.ActiveCfg = Debug|Any CPU
		{CB8F2EFC-FC2E-47C3-8649-78E68A898384}.Debug|Any CPU.Build.0 = Debug|Any CPU
		{CB8F2EFC-FC2E-47C3-8649-78E68A898384}.Release|Any CPU.ActiveCfg = Release|Any CPU
		{CB8F2EFC-FC2E-47C3-8649-78E68A898384}.Release|Any CPU.Build.0 = Release|Any CPU
		{D172EBF7-EC35-4195-A2E1-66B2E9DD707D}.Debug|Any CPU.ActiveCfg = Debug|Any CPU
		{D172EBF7-EC35-4195-A2E1-66B2E9DD707D}.Debug|Any CPU.Build.0 = Debug|Any CPU
		{D172EBF7-EC35-4195-A2E1-66B2E9DD707D}.Release|Any CPU.ActiveCfg = Release|Any CPU
		{D172EBF7-EC35-4195-A2E1-66B2E9DD707D}.Release|Any CPU.Build.0 = Release|Any CPU
		{D7815871-865B-471A-8612-5A1A3192116D}.Debug|Any CPU.ActiveCfg = Debug|Any CPU
		{D7815871-865B-471A-8612-5A1A3192116D}.Debug|Any CPU.Build.0 = Debug|Any CPU
		{D7815871-865B-471A-8612-5A1A3192116D}.Release|Any CPU.ActiveCfg = Release|Any CPU
		{D7815871-865B-471A-8612-5A1A3192116D}.Release|Any CPU.Build.0 = Release|Any CPU
	EndGlobalSection
	GlobalSection(SolutionProperties) = preSolution
		HideSolutionNode = FALSE
	EndGlobalSection
	GlobalSection(NestedProjects) = preSolution
		{109FC89A-C0EA-4975-8F12-E98ED89C28CE} = {C3C900A3-3D33-443F-B6A0-6AA85D09CBC4}
		{FECCDFE0-D290-4F7C-81C5-DCDBA8C75C44} = {C3C900A3-3D33-443F-B6A0-6AA85D09CBC4}
		{B77A1259-E9F2-4512-97DD-283EB0442FEA} = {B552BD12-56D5-4A2E-9969-0BFEFE1B399E}
		{5399E7A8-F8F1-4F2E-A5D2-9C96F3DD2A2D} = {B552BD12-56D5-4A2E-9969-0BFEFE1B399E}
		{9B60C443-4664-4FC7-8ED3-871EA5F8F44E} = {B552BD12-56D5-4A2E-9969-0BFEFE1B399E}
		{33777F99-D728-4EEB-BC0C-EC6F4EFB9940} = {3B47CA6E-05EC-4A2C-9933-C9AB9FA7B2BD}
		{954EF786-E698-47E1-82B0-C51AFC660817} = {3B47CA6E-05EC-4A2C-9933-C9AB9FA7B2BD}
	EndGlobalSection
EndGlobal
